github.com/aws/aws-cdk-go/awscdk/v2 v2.129.0/go.mod h1:TpmJwOnoajvRtwnLlJoxEoppb9sVoCLfPGLdgoTDH7o=
github.com/aws/constructs-go/constructs/v10 v10.3.0/go.mod h1:GgzwIwoRJ2UYsr3SU+JhAl+gq5j39bEMYf8ev3J+s9s=
github.com/aws/jsii-runtime-go v1.94.0/go.mod h1:tQOz8aAMzM2XsRUDsnUgPvGcHNAzR/xtH0OgeM0lTWo=
github.com/pmezard/go-difflib v1.0.0/go.mod h1:iKH77koFhYxTK1pcRnkKkqfTogsbg7gZNVY4sRDYZ/4=
